
Microsoft Visual Studio Solution File, Format Version 12.00
# Visual Studio Version 17
VisualStudioVersion = 17.11.35222.181
MinimumVisualStudioVersion = 10.0.40219.1
Project("{9A19103F-16F7-4668-BE54-9A1E7A4F7556}") = "WpfApp8", "WpfApp8\WpfApp8.csproj", "{46F3BB6E-34FD-41DC-8463-88A10EBF81B3}"
EndProject
Project("{FAE04EC0-301F-11D3-BF4B-00C04F79EFBC}") = "Pract18", "Pract18\Pract18.csproj", "{D39939D1-5E46-4AA9-A2C6-3E218C479E91}"
EndProject
Project("{FAE04EC0-301F-11D3-BF4B-00C04F79EFBC}") = "Pract19", "Pract19\Pract19.csproj", "{EE26A33F-C7A6-4DC1-BE80-7CDDA77B5798}"
EndProject
Project("{FAE04EC0-301F-11D3-BF4B-00C04F79EFBC}") = "Pract20", "Pract20\Pract20.csproj", "{0B89A395-9A98-4178-A97E-32C2942A4127}"
EndProject
Project("{FAE04EC0-301F-11D3-BF4B-00C04F79EFBC}") = "Pract21", "Pract21\Pract21.csproj", "{9F903F51-6624-4B91-9BE2-60B8C28F2FAF}"
EndProject
Project("{FAE04EC0-301F-11D3-BF4B-00C04F79EFBC}") = "Pract22", "Pract22\Pract22.csproj", "{5F02B596-5B92-41EE-A4C9-8259E86E984C}"
EndProject
Project("{FAE04EC0-301F-11D3-BF4B-00C04F79EFBC}") = "Pract23", "Pract23\Pract23.csproj", "{0E029E83-33FB-4913-BB89-9AF7CE9F3AD5}"
EndProject
Global
	GlobalSection(SolutionConfigurationPlatforms) = preSolution
		Debug|Any CPU = Debug|Any CPU
		Release|Any CPU = Release|Any CPU
	EndGlobalSection
	GlobalSection(ProjectConfigurationPlatforms) = postSolution
		{46F3BB6E-34FD-41DC-8463-88A10EBF81B3}.Debug|Any CPU.ActiveCfg = Debug|Any CPU
		{46F3BB6E-34FD-41DC-8463-88A10EBF81B3}.Debug|Any CPU.Build.0 = Debug|Any CPU
		{46F3BB6E-34FD-41DC-8463-88A10EBF81B3}.Release|Any CPU.ActiveCfg = Release|Any CPU
		{46F3BB6E-34FD-41DC-8463-88A10EBF81B3}.Release|Any CPU.Build.0 = Release|Any CPU
		{D39939D1-5E46-4AA9-A2C6-3E218C479E91}.Debug|Any CPU.ActiveCfg = Debug|Any CPU
		{D39939D1-5E46-4AA9-A2C6-3E218C479E91}.Debug|Any CPU.Build.0 = Debug|Any CPU
		{D39939D1-5E46-4AA9-A2C6-3E218C479E91}.Release|Any CPU.ActiveCfg = Release|Any CPU
		{D39939D1-5E46-4AA9-A2C6-3E218C479E91}.Release|Any CPU.Build.0 = Release|Any CPU
		{EE26A33F-C7A6-4DC1-BE80-7CDDA77B5798}.Debug|Any CPU.ActiveCfg = Debug|Any CPU
		{EE26A33F-C7A6-4DC1-BE80-7CDDA77B5798}.Debug|Any CPU.Build.0 = Debug|Any CPU
		{EE26A33F-C7A6-4DC1-BE80-7CDDA77B5798}.Release|Any CPU.ActiveCfg = Release|Any CPU
		{EE26A33F-C7A6-4DC1-BE80-7CDDA77B5798}.Release|Any CPU.Build.0 = Release|Any CPU
		{0B89A395-9A98-4178-A97E-32C2942A4127}.Debug|Any CPU.ActiveCfg = Debug|Any CPU
		{0B89A395-9A98-4178-A97E-32C2942A4127}.Debug|Any CPU.Build.0 = Debug|Any CPU
		{0B89A395-9A98-4178-A97E-32C2942A4127}.Release|Any CPU.ActiveCfg = Release|Any CPU
		{0B89A395-9A98-4178-A97E-32C2942A4127}.Release|Any CPU.Build.0 = Release|Any CPU
		{9F903F51-6624-4B91-9BE2-60B8C28F2FAF}.Debug|Any CPU.ActiveCfg = Debug|Any CPU
		{9F903F51-6624-4B91-9BE2-60B8C28F2FAF}.Debug|Any CPU.Build.0 = Debug|Any CPU
		{9F903F51-6624-4B91-9BE2-60B8C28F2FAF}.Release|Any CPU.ActiveCfg = Release|Any CPU
		{9F903F51-6624-4B91-9BE2-60B8C28F2FAF}.Release|Any CPU.Build.0 = Release|Any CPU
		{5F02B596-5B92-41EE-A4C9-8259E86E984C}.Debug|Any CPU.ActiveCfg = Debug|Any CPU
		{5F02B596-5B92-41EE-A4C9-8259E86E984C}.Debug|Any CPU.Build.0 = Debug|Any CPU
		{5F02B596-5B92-41EE-A4C9-8259E86E984C}.Release|Any CPU.ActiveCfg = Release|Any CPU
		{5F02B596-5B92-41EE-A4C9-8259E86E984C}.Release|Any CPU.Build.0 = Release|Any CPU
		{0E029E83-33FB-4913-BB89-9AF7CE9F3AD5}.Debug|Any CPU.ActiveCfg = Debug|Any CPU
		{0E029E83-33FB-4913-BB89-9AF7CE9F3AD5}.Debug|Any CPU.Build.0 = Debug|Any CPU
		{0E029E83-33FB-4913-BB89-9AF7CE9F3AD5}.Release|Any CPU.ActiveCfg = Release|Any CPU
		{0E029E83-33FB-4913-BB89-9AF7CE9F3AD5}.Release|Any CPU.Build.0 = Release|Any CPU
	EndGlobalSection
	GlobalSection(SolutionProperties) = preSolution
		HideSolutionNode = FALSE
	EndGlobalSection
	GlobalSection(ExtensibilityGlobals) = postSolution
		SolutionGuid = {538E6288-01CD-4549-ACD8-C8F856F95714}
	EndGlobalSection
EndGlobal
